
Microsoft Visual Studio Solution File, Format Version 12.00
# Visual Studio Version 17
VisualStudioVersion = 17.6.33617.297
MinimumVisualStudioVersion = 10.0.40219.1
Project("{FAE04EC0-301F-11D3-BF4B-00C04F79EFBC}") = "RestODb", "RestODb\RestODb.csproj", "{6C460A87-064D-4E1C-A66E-F0274CE13E12}"
EndProject
Global
	GlobalSection(SolutionConfigurationPlatforms) = preSolution
		Debug|Any CPU = Debug|Any CPU
		Release|Any CPU = Release|Any CPU
	EndGlobalSection
	GlobalSection(ProjectConfigurationPlatforms) = postSolution
		{6C460A87-064D-4E1C-A66E-F0274CE13E12}.Debug|Any CPU.ActiveCfg = Debug|Any CPU
		{6C460A87-064D-4E1C-A66E-F0274CE13E12}.Debug|Any CPU.Build.0 = Debug|Any CPU
		{6C460A87-064D-4E1C-A66E-F0274CE13E12}.Release|Any CPU.ActiveCfg = Release|Any CPU
		{6C460A87-064D-4E1C-A66E-F0274CE13E12}.Release|Any CPU.Build.0 = Release|Any CPU
	EndGlobalSection
	GlobalSection(SolutionProperties) = preSolution
		HideSolutionNode = FALSE
	EndGlobalSection
	GlobalSection(ExtensibilityGlobals) = postSolution
		SolutionGuid = {BB91A9A8-3A2D-48F7-84B1-0FA54B66C393}
	EndGlobalSection
EndGlobal
